{
  "name": "amt-rcs",
  "version": "0.0.0",
  "lockfileVersion": 1,
  "requires": true,
  "dependencies": {
    "async-limiter": {
      "version": "1.0.0",
      "resolved": "https://registry.npmjs.org/async-limiter/-/async-limiter-1.0.0.tgz",
      "integrity": "sha512-jp/uFnooOiO+L211eZOoSyzpOITMXx1rBITauYykG3BRYPu8h0UcxsPNB04RR5vo4Tyz3+ay17tR6JVf9qzYWg==",
      "dev": true
    },
    "node-forge": {
      "version": "0.8.5",
      "resolved": "https://registry.npmjs.org/node-forge/-/node-forge-0.8.5.tgz",
      "integrity": "sha512-vFMQIWt+J/7FLNyKouZ9TazT74PRV3wgv9UT4cRjC8BffxFbKXkgIWR42URCPSnHm/QDz6BOlb2Q0U4+VQT67Q==",
      "dev": true
    },
    "ws": {
      "version": "7.1.0",
      "resolved": "https://registry.npmjs.org/ws/-/ws-7.1.0.tgz",
      "integrity": "sha512-Swie2C4fs7CkwlHu1glMePLYJJsWjzhl1vm3ZaLplD0h7OMkZyZ6kLTB/OagiU923bZrPFXuDTeEqaEN4NWG4g==",
      "dev": true,
      "requires": {
        "async-limiter": "^1.0.0"
      }
    }
  }
}
